
Microsoft Visual Studio Solution File, Format Version 12.00
# Visual Studio 2012
Project("{FAE04EC0-301F-11D3-BF4B-00C04F79EFBC}") = "CareerCup", "CareerCup\CareerCup.csproj", "{0144D8BF-84B8-4568-B2CD-38417C89B916}"
EndProject
Project("{FAE04EC0-301F-11D3-BF4B-00C04F79EFBC}") = "CareerCup.Test", "CareerCup.Test\CareerCup.Test.csproj", "{A41EA782-05DA-4185-880C-B22E7D683589}"
EndProject
Project("{2150E333-8FDC-42A3-9474-1A3956D46DE8}") = "Solution Items", "Solution Items", "{7D5D1031-6E9A-4440-91A2-F1B8A72E9BAD}"
	ProjectSection(SolutionItems) = preProject
		Local.testsettings = Local.testsettings
	EndProjectSection
EndProject
Global
	GlobalSection(SolutionConfigurationPlatforms) = preSolution
		Debug|Any CPU = Debug|Any CPU
		Release|Any CPU = Release|Any CPU
	EndGlobalSection
	GlobalSection(ProjectConfigurationPlatforms) = postSolution
		{0144D8BF-84B8-4568-B2CD-38417C89B916}.Debug|Any CPU.ActiveCfg = Debug|Any CPU
		{0144D8BF-84B8-4568-B2CD-38417C89B916}.Debug|Any CPU.Build.0 = Debug|Any CPU
		{0144D8BF-84B8-4568-B2CD-38417C89B916}.Release|Any CPU.ActiveCfg = Release|Any CPU
		{0144D8BF-84B8-4568-B2CD-38417C89B916}.Release|Any CPU.Build.0 = Release|Any CPU
		{A41EA782-05DA-4185-880C-B22E7D683589}.Debug|Any CPU.ActiveCfg = Debug|Any CPU
		{A41EA782-05DA-4185-880C-B22E7D683589}.Debug|Any CPU.Build.0 = Debug|Any CPU
		{A41EA782-05DA-4185-880C-B22E7D683589}.Release|Any CPU.ActiveCfg = Release|Any CPU
		{A41EA782-05DA-4185-880C-B22E7D683589}.Release|Any CPU.Build.0 = Release|Any CPU
	EndGlobalSection
	GlobalSection(SolutionProperties) = preSolution
		HideSolutionNode = FALSE
	EndGlobalSection
EndGlobal
