
Microsoft Visual Studio Solution File, Format Version 12.00
# Visual Studio 2012
Project("{FAE04EC0-301F-11D3-BF4B-00C04F79EFBC}") = "CareerCup", "CareerCup\CareerCup.csproj", "{17A2816F-3A4D-4A8D-A2FF-8D37492DA2E9}"
EndProject
Project("{FAE04EC0-301F-11D3-BF4B-00C04F79EFBC}") = "CareerCup.Test", "CareerCup.Test\CareerCup.Test.csproj", "{2E9ED907-9BC0-4DA6-BFB7-233CCA4AB401}"
EndProject
Global
	GlobalSection(SolutionConfigurationPlatforms) = preSolution
		Debug|Any CPU = Debug|Any CPU
		Release|Any CPU = Release|Any CPU
	EndGlobalSection
	GlobalSection(ProjectConfigurationPlatforms) = postSolution
		{17A2816F-3A4D-4A8D-A2FF-8D37492DA2E9}.Debug|Any CPU.ActiveCfg = Debug|Any CPU
		{17A2816F-3A4D-4A8D-A2FF-8D37492DA2E9}.Debug|Any CPU.Build.0 = Debug|Any CPU
		{17A2816F-3A4D-4A8D-A2FF-8D37492DA2E9}.Release|Any CPU.ActiveCfg = Release|Any CPU
		{17A2816F-3A4D-4A8D-A2FF-8D37492DA2E9}.Release|Any CPU.Build.0 = Release|Any CPU
		{2E9ED907-9BC0-4DA6-BFB7-233CCA4AB401}.Debug|Any CPU.ActiveCfg = Debug|Any CPU
		{2E9ED907-9BC0-4DA6-BFB7-233CCA4AB401}.Debug|Any CPU.Build.0 = Debug|Any CPU
		{2E9ED907-9BC0-4DA6-BFB7-233CCA4AB401}.Release|Any CPU.ActiveCfg = Release|Any CPU
		{2E9ED907-9BC0-4DA6-BFB7-233CCA4AB401}.Release|Any CPU.Build.0 = Release|Any CPU
	EndGlobalSection
	GlobalSection(SolutionProperties) = preSolution
		HideSolutionNode = FALSE
	EndGlobalSection
EndGlobal
